{
  "name": "4.1.1_introanpm",
  "version": "1.0.0",
  "lockfileVersion": 3,
  "requires": true,
  "packages": {
    "": {
      "name": "4.1.1_introanpm",
      "version": "1.0.0",
      "license": "ISC",
      "dependencies": {
        "number-to-text": "^0.3.9"
      }
    },
    "node_modules/number-to-text": {
      "version": "0.3.9",
      "resolved": "https://registry.npmjs.org/number-to-text/-/number-to-text-0.3.9.tgz",
      "integrity": "sha512-BWJ/e9IJZQWAg43DExXH02GGb30u2Lbd8SB5AWKMw/gbCSqL/J9+Zb5bj5MVZ+RZqhlyNUeUMxuyln12WQuj0g=="
    }
  }
}
